
Microsoft Visual Studio Solution File, Format Version 12.00
# Visual Studio 15
Project("{FAE04EC0-301F-11D3-BF4B-00C04F79EFBC}") = "Assembly-CSharp-firstpass", "Assembly-CSharp-firstpass.csproj", "{1938758B-6CA9-2774-BF80-C1BF4258932B}"
EndProject
Project("{FAE04EC0-301F-11D3-BF4B-00C04F79EFBC}") = "Assembly-CSharp-Editor-firstpass", "Assembly-CSharp-Editor-firstpass.csproj", "{9590B2DF-5B09-03A7-6F7A-6F6069B64657}"
EndProject
Project("{FAE04EC0-301F-11D3-BF4B-00C04F79EFBC}") = "Assembly-CSharp-Editor", "Assembly-CSharp-Editor.csproj", "{15ACA7E0-63A7-0A82-23CA-8E85FB2348D6}"
EndProject
Project("{FAE04EC0-301F-11D3-BF4B-00C04F79EFBC}") = "Assembly-CSharp", "Assembly-CSharp.csproj", "{1A7232A1-2FF7-1127-DC2B-DCCC248186DC}"
EndProject
Global
	GlobalSection(SolutionConfigurationPlatforms) = preSolution
		Debug|Any CPU = Debug|Any CPU
		Release|Any CPU = Release|Any CPU
	EndGlobalSection
	GlobalSection(ProjectConfigurationPlatforms) = postSolution
		{1938758B-6CA9-2774-BF80-C1BF4258932B}.Debug|Any CPU.ActiveCfg = Debug|Any CPU
		{1938758B-6CA9-2774-BF80-C1BF4258932B}.Debug|Any CPU.Build.0 = Debug|Any CPU
		{1938758B-6CA9-2774-BF80-C1BF4258932B}.Release|Any CPU.ActiveCfg = Release|Any CPU
		{1938758B-6CA9-2774-BF80-C1BF4258932B}.Release|Any CPU.Build.0 = Release|Any CPU
		{9590B2DF-5B09-03A7-6F7A-6F6069B64657}.Debug|Any CPU.ActiveCfg = Debug|Any CPU
		{9590B2DF-5B09-03A7-6F7A-6F6069B64657}.Debug|Any CPU.Build.0 = Debug|Any CPU
		{9590B2DF-5B09-03A7-6F7A-6F6069B64657}.Release|Any CPU.ActiveCfg = Release|Any CPU
		{9590B2DF-5B09-03A7-6F7A-6F6069B64657}.Release|Any CPU.Build.0 = Release|Any CPU
		{15ACA7E0-63A7-0A82-23CA-8E85FB2348D6}.Debug|Any CPU.ActiveCfg = Debug|Any CPU
		{15ACA7E0-63A7-0A82-23CA-8E85FB2348D6}.Debug|Any CPU.Build.0 = Debug|Any CPU
		{15ACA7E0-63A7-0A82-23CA-8E85FB2348D6}.Release|Any CPU.ActiveCfg = Release|Any CPU
		{15ACA7E0-63A7-0A82-23CA-8E85FB2348D6}.Release|Any CPU.Build.0 = Release|Any CPU
		{1A7232A1-2FF7-1127-DC2B-DCCC248186DC}.Debug|Any CPU.ActiveCfg = Debug|Any CPU
		{1A7232A1-2FF7-1127-DC2B-DCCC248186DC}.Debug|Any CPU.Build.0 = Debug|Any CPU
		{1A7232A1-2FF7-1127-DC2B-DCCC248186DC}.Release|Any CPU.ActiveCfg = Release|Any CPU
		{1A7232A1-2FF7-1127-DC2B-DCCC248186DC}.Release|Any CPU.Build.0 = Release|Any CPU
	EndGlobalSection
	GlobalSection(SolutionProperties) = preSolution
		HideSolutionNode = FALSE
	EndGlobalSection
EndGlobal
